
Microsoft Visual Studio Solution File, Format Version 12.00
# Visual Studio Version 17
VisualStudioVersion = 17.6.33723.286
MinimumVisualStudioVersion = 10.0.40219.1
Project("{FAE04EC0-301F-11D3-BF4B-00C04F79EFBC}") = "Session4", "Session4.csproj", "{0F5AA6D5-CC0D-4795-8BF8-2C5DBAFA88B3}"
EndProject
Project("{FAE04EC0-301F-11D3-BF4B-00C04F79EFBC}") = "Session4Client", "..\Session4Client\Session4Client.csproj", "{A6963207-F0CE-4B64-BD18-98234CC68A5E}"
EndProject
Global
	GlobalSection(SolutionConfigurationPlatforms) = preSolution
		Debug|Any CPU = Debug|Any CPU
		Release|Any CPU = Release|Any CPU
	EndGlobalSection
	GlobalSection(ProjectConfigurationPlatforms) = postSolution
		{0F5AA6D5-CC0D-4795-8BF8-2C5DBAFA88B3}.Debug|Any CPU.ActiveCfg = Debug|Any CPU
		{0F5AA6D5-CC0D-4795-8BF8-2C5DBAFA88B3}.Debug|Any CPU.Build.0 = Debug|Any CPU
		{0F5AA6D5-CC0D-4795-8BF8-2C5DBAFA88B3}.Release|Any CPU.ActiveCfg = Release|Any CPU
		{0F5AA6D5-CC0D-4795-8BF8-2C5DBAFA88B3}.Release|Any CPU.Build.0 = Release|Any CPU
		{A6963207-F0CE-4B64-BD18-98234CC68A5E}.Debug|Any CPU.ActiveCfg = Debug|Any CPU
		{A6963207-F0CE-4B64-BD18-98234CC68A5E}.Debug|Any CPU.Build.0 = Debug|Any CPU
		{A6963207-F0CE-4B64-BD18-98234CC68A5E}.Release|Any CPU.ActiveCfg = Release|Any CPU
		{A6963207-F0CE-4B64-BD18-98234CC68A5E}.Release|Any CPU.Build.0 = Release|Any CPU
	EndGlobalSection
	GlobalSection(SolutionProperties) = preSolution
		HideSolutionNode = FALSE
	EndGlobalSection
	GlobalSection(ExtensibilityGlobals) = postSolution
		SolutionGuid = {F5DE2E34-0E03-42A1-BC7D-9740BF87B752}
	EndGlobalSection
EndGlobal
